
Microsoft Visual Studio Solution File, Format Version 12.00
# Visual Studio Version 17
VisualStudioVersion = 17.7.34031.279
MinimumVisualStudioVersion = 10.0.40219.1
Project("{2150E333-8FDC-42A3-9474-1A3956D46DE8}") = "Services", "Services", "{A1BA208C-1035-4F5D-88F2-3516E242F5D9}"
EndProject
Project("{2150E333-8FDC-42A3-9474-1A3956D46DE8}") = "Catalog", "Catalog", "{4CDC1788-773C-4FB0-BE50-55F114A9106E}"
EndProject
Project("{9A19103F-16F7-4668-BE54-9A1E7A4F7556}") = "Catalog.API", "Services\Catalog\Catalog.API\Catalog.API.csproj", "{47438EDF-DC53-43B1-810F-500262E3C7CF}"
EndProject
Project("{E53339B2-1760-4266-BCC7-CA923CBCF16C}") = "docker-compose", "docker-compose.dcproj", "{17740211-A26C-44F5-9F57-1F2F72F4FA1A}"
EndProject
Project("{2150E333-8FDC-42A3-9474-1A3956D46DE8}") = "Basket", "Basket", "{A71D26A2-1625-4A1E-85FF-3382B5FFC254}"
EndProject
Project("{9A19103F-16F7-4668-BE54-9A1E7A4F7556}") = "Basket.API", "Services\Basket\Basket.API\Basket.API.csproj", "{9171CCCF-7C0E-4EC0-A438-E4821A34C4BA}"
EndProject
Project("{2150E333-8FDC-42A3-9474-1A3956D46DE8}") = "Discount", "Discount", "{1EDAEB67-A0B2-4D09-A104-7AFCB10CDA2A}"
EndProject
Project("{9A19103F-16F7-4668-BE54-9A1E7A4F7556}") = "Discount.API", "Services\Discount\Discount.API\Discount.API.csproj", "{42F9B1FE-F012-49D9-8AEB-064C4CFD36E0}"
EndProject
Project("{FAE04EC0-301F-11D3-BF4B-00C04F79EFBC}") = "Discount.Grpc", "Services\Discount\Discount.Grpc\Discount.Grpc.csproj", "{373EBBB4-4871-4ED3-81B9-F5914BDBC836}"
EndProject
Global
	GlobalSection(SolutionConfigurationPlatforms) = preSolution
		Debug|Any CPU = Debug|Any CPU
		Release|Any CPU = Release|Any CPU
	EndGlobalSection
	GlobalSection(ProjectConfigurationPlatforms) = postSolution
		{47438EDF-DC53-43B1-810F-500262E3C7CF}.Debug|Any CPU.ActiveCfg = Debug|Any CPU
		{47438EDF-DC53-43B1-810F-500262E3C7CF}.Debug|Any CPU.Build.0 = Debug|Any CPU
		{47438EDF-DC53-43B1-810F-500262E3C7CF}.Release|Any CPU.ActiveCfg = Release|Any CPU
		{47438EDF-DC53-43B1-810F-500262E3C7CF}.Release|Any CPU.Build.0 = Release|Any CPU
		{17740211-A26C-44F5-9F57-1F2F72F4FA1A}.Debug|Any CPU.ActiveCfg = Debug|Any CPU
		{17740211-A26C-44F5-9F57-1F2F72F4FA1A}.Debug|Any CPU.Build.0 = Debug|Any CPU
		{17740211-A26C-44F5-9F57-1F2F72F4FA1A}.Release|Any CPU.ActiveCfg = Release|Any CPU
		{17740211-A26C-44F5-9F57-1F2F72F4FA1A}.Release|Any CPU.Build.0 = Release|Any CPU
		{9171CCCF-7C0E-4EC0-A438-E4821A34C4BA}.Debug|Any CPU.ActiveCfg = Debug|Any CPU
		{9171CCCF-7C0E-4EC0-A438-E4821A34C4BA}.Debug|Any CPU.Build.0 = Debug|Any CPU
		{9171CCCF-7C0E-4EC0-A438-E4821A34C4BA}.Release|Any CPU.ActiveCfg = Release|Any CPU
		{9171CCCF-7C0E-4EC0-A438-E4821A34C4BA}.Release|Any CPU.Build.0 = Release|Any CPU
		{42F9B1FE-F012-49D9-8AEB-064C4CFD36E0}.Debug|Any CPU.ActiveCfg = Debug|Any CPU
		{42F9B1FE-F012-49D9-8AEB-064C4CFD36E0}.Debug|Any CPU.Build.0 = Debug|Any CPU
		{42F9B1FE-F012-49D9-8AEB-064C4CFD36E0}.Release|Any CPU.ActiveCfg = Release|Any CPU
		{42F9B1FE-F012-49D9-8AEB-064C4CFD36E0}.Release|Any CPU.Build.0 = Release|Any CPU
		{373EBBB4-4871-4ED3-81B9-F5914BDBC836}.Debug|Any CPU.ActiveCfg = Debug|Any CPU
		{373EBBB4-4871-4ED3-81B9-F5914BDBC836}.Debug|Any CPU.Build.0 = Debug|Any CPU
		{373EBBB4-4871-4ED3-81B9-F5914BDBC836}.Release|Any CPU.ActiveCfg = Release|Any CPU
		{373EBBB4-4871-4ED3-81B9-F5914BDBC836}.Release|Any CPU.Build.0 = Release|Any CPU
	EndGlobalSection
	GlobalSection(SolutionProperties) = preSolution
		HideSolutionNode = FALSE
	EndGlobalSection
	GlobalSection(NestedProjects) = preSolution
		{4CDC1788-773C-4FB0-BE50-55F114A9106E} = {A1BA208C-1035-4F5D-88F2-3516E242F5D9}
		{47438EDF-DC53-43B1-810F-500262E3C7CF} = {4CDC1788-773C-4FB0-BE50-55F114A9106E}
		{A71D26A2-1625-4A1E-85FF-3382B5FFC254} = {A1BA208C-1035-4F5D-88F2-3516E242F5D9}
		{9171CCCF-7C0E-4EC0-A438-E4821A34C4BA} = {A71D26A2-1625-4A1E-85FF-3382B5FFC254}
		{1EDAEB67-A0B2-4D09-A104-7AFCB10CDA2A} = {A1BA208C-1035-4F5D-88F2-3516E242F5D9}
		{42F9B1FE-F012-49D9-8AEB-064C4CFD36E0} = {1EDAEB67-A0B2-4D09-A104-7AFCB10CDA2A}
		{373EBBB4-4871-4ED3-81B9-F5914BDBC836} = {1EDAEB67-A0B2-4D09-A104-7AFCB10CDA2A}
	EndGlobalSection
	GlobalSection(ExtensibilityGlobals) = postSolution
		SolutionGuid = {4C085DA2-B5C7-4CAF-A45F-E051483E6F6E}
	EndGlobalSection
EndGlobal
